// !$*UTF8*$!
{
	archiveVersion = 1;
	classes = {
	};
	objectVersion = 46;
	objects = {

/* Begin PBXBuildFile section */
		10DCB17E1D1478E3008B22BB /* AppDelegate.swift in Sources */ = {isa = PBXBuildFile; fileRef = 10DCB1731D1478E3008B22BB /* AppDelegate.swift */; };
		10DCB17F1D1478E3008B22BB /* Assets.xcassets in Resources */ = {isa = PBXBuildFile; fileRef = 10DCB1741D1478E3008B22BB /* Assets.xcassets */; };
		10DCB1801D1478E3008B22BB /* LaunchScreen.storyboard in Resources */ = {isa = PBXBuildFile; fileRef = 10DCB1751D1478E3008B22BB /* LaunchScreen.storyboard */; };
		10DCB1811D1478E3008B22BB /* Main.storyboard in Resources */ = {isa = PBXBuildFile; fileRef = 10DCB1771D1478E3008B22BB /* Main.storyboard */; };
		10DCB1821D1478E3008B22BB /* FNCharMapImageView.swift in Sources */ = {isa = PBXBuildFile; fileRef = 10DCB17A1D1478E3008B22BB /* FNCharMapImageView.swift */; };
		10DCB1831D1478E3008B22BB /* FNImageToText.swift in Sources */ = {isa = PBXBuildFile; fileRef = 10DCB17B1D1478E3008B22BB /* FNImageToText.swift */; };
		10DCB1841D1478E3008B22BB /* Info.plist in Resources */ = {isa = PBXBuildFile; fileRef = 10DCB17C1D1478E3008B22BB /* Info.plist */; };
		10DCB1851D1478E3008B22BB /* ViewController.swift in Sources */ = {isa = PBXBuildFile; fileRef = 10DCB17D1D1478E3008B22BB /* ViewController.swift */; };
/* End PBXBuildFile section */

/* Begin PBXFileReference section */
		109F6C741D13C2170075C571 /* FNCharMapImageView.app */ = {isa = PBXFileReference; explicitFileType = wrapper.application; includeInIndex = 0; path = FNCharMapImageView.app; sourceTree = BUILT_PRODUCTS_DIR; };
		10DCB1731D1478E3008B22BB /* AppDelegate.swift */ = {isa = PBXFileReference; fileEncoding = 4; lastKnownFileType = sourcecode.swift; path = AppDelegate.swift; sourceTree = "<group>"; };
		10DCB1741D1478E3008B22BB /* Assets.xcassets */ = {isa = PBXFileReference; lastKnownFileType = folder.assetcatalog; path = Assets.xcassets; sourceTree = "<group>"; };
		10DCB1761D1478E3008B22BB /* Base */ = {isa = PBXFileReference; lastKnownFileType = file.storyboard; name = Base; path = Base.lproj/LaunchScreen.storyboard; sourceTree = "<group>"; };
		10DCB1781D1478E3008B22BB /* Base */ = {isa = PBXFileReference; lastKnownFileType = file.storyboard; name = Base; path = Base.lproj/Main.storyboard; sourceTree = "<group>"; };
		10DCB17A1D1478E3008B22BB /* FNCharMapImageView.swift */ = {isa = PBXFileReference; fileEncoding = 4; lastKnownFileType = sourcecode.swift; path = FNCharMapImageView.swift; sourceTree = "<group>"; };
		10DCB17B1D1478E3008B22BB /* FNImageToText.swift */ = {isa = PBXFileReference; fileEncoding = 4; lastKnownFileType = sourcecode.swift; path = FNImageToText.swift; sourceTree = "<group>"; };
		10DCB17C1D1478E3008B22BB /* Info.plist */ = {isa = PBXFileReference; fileEncoding = 4; lastKnownFileType = text.plist.xml; path = Info.plist; sourceTree = "<group>"; };
		10DCB17D1D1478E3008B22BB /* ViewController.swift */ = {isa = PBXFileReference; fileEncoding = 4; lastKnownFileType = sourcecode.swift; path = ViewController.swift; sourceTree = "<group>"; };
/* End PBXFileReference section */

/* Begin PBXFrameworksBuildPhase section */
		109F6C711D13C2170075C571 /* Frameworks */ = {
			isa = PBXFrameworksBuildPhase;
			buildActionMask = 2147483647;
			files = (
			);
			runOnlyForDeploymentPostprocessing = 0;
		};
/* End PBXFrameworksBuildPhase section */

/* Begin PBXGroup section */
		109F6C6B1D13C2170075C571 = {
			isa = PBXGroup;
			children = (
				10DCB1721D1478E3008B22BB /* FNCharMapImageView */,
				109F6C751D13C2170075C571 /* Products */,
			);
			sourceTree = "<group>";
		};
		109F6C751D13C2170075C571 /* Products */ = {
			isa = PBXGroup;
			children = (
				109F6C741D13C2170075C571 /* FNCharMapImageView.app */,
			);
			name = Products;
			sourceTree = "<group>";
		};
		10DCB1721D1478E3008B22BB /* FNCharMapImageView */ = {
			isa = PBXGroup;
			children = (
				10DCB1791D1478E3008B22BB /* FNCharMapImageView */,
				10DCB17D1D1478E3008B22BB /* ViewController.swift */,
				10DCB1731D1478E3008B22BB /* AppDelegate.swift */,
				10DCB1741D1478E3008B22BB /* Assets.xcassets */,
				10DCB1751D1478E3008B22BB /* LaunchScreen.storyboard */,
				10DCB1771D1478E3008B22BB /* Main.storyboard */,
				10DCB17C1D1478E3008B22BB /* Info.plist */,
			);
			path = FNCharMapImageView;
			sourceTree = "<group>";
		};
		10DCB1791D1478E3008B22BB /* FNCharMapImageView */ = {
			isa = PBXGroup;
			children = (
				10DCB17A1D1478E3008B22BB /* FNCharMapImageView.swift */,
				10DCB17B1D1478E3008B22BB /* FNImageToText.swift */,
			);
			path = FNCharMapImageView;
			sourceTree = "<group>";
		};
/* End PBXGroup section */

/* Begin PBXNativeTarget section */
		109F6C731D13C2170075C571 /* FNCharMapImageView */ = {
			isa = PBXNativeTarget;
			buildConfigurationList = 109F6C861D13C2170075C571 /* Build configuration list for PBXNativeTarget "FNCharMapImageView" */;
			buildPhases = (
				109F6C701D13C2170075C571 /* Sources */,
				109F6C711D13C2170075C571 /* Frameworks */,
				109F6C721D13C2170075C571 /* Resources */,
			);
			buildRules = (
			);
			dependencies = (
			);
			name = FNCharMapImageView;
			productName = FNImageToText;
			productReference = 109F6C741D13C2170075C571 /* FNCharMapImageView.app */;
			productType = "com.apple.product-type.application";
		};
/* End PBXNativeTarget section */

/* Begin PBXProject section */
		109F6C6C1D13C2170075C571 /* Project object */ = {
			isa = PBXProject;
			attributes = {
				LastSwiftUpdateCheck = 0730;
				LastUpgradeCheck = 0730;
				ORGANIZATIONNAME = Fnoz;
				TargetAttributes = {
					109F6C731D13C2170075C571 = {
						CreatedOnToolsVersion = 7.3.1;
					};
				};
			};
			buildConfigurationList = 109F6C6F1D13C2170075C571 /* Build configuration list for PBXProject "FNCharMapImageView" */;
			compatibilityVersion = "Xcode 3.2";
			developmentRegion = English;
			hasScannedForEncodings = 0;
			knownRegions = (
				en,
				Base,
			);
			mainGroup = 109F6C6B1D13C2170075C571;
			productRefGroup = 109F6C751D13C2170075C571 /* Products */;
			projectDirPath = "";
			projectRoot = "";
			targets = (
				109F6C731D13C2170075C571 /* FNCharMapImageView */,
			);
		};
/* End PBXProject section */

/* Begin PBXResourcesBuildPhase section */
		109F6C721D13C2170075C571 /* Resources */ = {
			isa = PBXResourcesBuildPhase;
			buildActionMask = 2147483647;
			files = (
				10DCB1841D1478E3008B22BB /* Info.plist in Resources */,
				10DCB1811D1478E3008B22BB /* Main.storyboard in Resources */,
				10DCB17F1D1478E3008B22BB /* Assets.xcassets in Resources */,
				10DCB1801D1478E3008B22BB /* LaunchScreen.storyboard in Resources */,
			);
			runOnlyForDeploymentPostprocessing = 0;
		};
/* End PBXResourcesBuildPhase section */

/* Begin PBXSourcesBuildPhase section */
		109F6C701D13C2170075C571 /* Sources */ = {
			isa = PBXSourcesBuildPhase;
			buildActionMask = 2147483647;
			files = (
				10DCB17E1D1478E3008B22BB /* AppDelegate.swift in Sources */,
				10DCB1821D1478E3008B22BB /* FNCharMapImageView.swift in Sources */,
				10DCB1851D1478E3008B22BB /* ViewController.swift in Sources */,
				10DCB1831D1478E3008B22BB /* FNImageToText.swift in Sources */,
			);
			runOnlyForDeploymentPostprocessing = 0;
		};
/* End PBXSourcesBuildPhase section */

/* Begin PBXVariantGroup section */
		10DCB1751D1478E3008B22BB /* LaunchScreen.storyboard */ = {
			isa = PBXVariantGroup;
			children = (
				10DCB1761D1478E3008B22BB /* Base */,
			);
			name = LaunchScreen.storyboard;
			sourceTree = "<group>";
		};
		10DCB1771D1478E3008B22BB /* Main.storyboard */ = {
			isa = PBXVariantGroup;
			children = (
				10DCB1781D1478E3008B22BB /* Base */,
			);
			name = Main.storyboard;
			sourceTree = "<group>";
		};
/* End PBXVariantGroup section */

/* Begin XCBuildConfiguration section */
		109F6C841D13C2170075C571 /* Debug */ = {
			isa = XCBuildConfiguration;
			buildSettings = {
				ALWAYS_SEARCH_USER_PATHS = NO;
				CLANG_ANALYZER_NONNULL = YES;
				CLANG_CXX_LANGUAGE_STANDARD = "gnu++0x";
				CLANG_CXX_LIBRARY = "libc++";
				CLANG_ENABLE_MODULES = YES;
				CLANG_ENABLE_OBJC_ARC = YES;
				CLANG_WARN_BOOL_CONVERSION = YES;
				CLANG_WARN_CONSTANT_CONVERSION = YES;
				CLANG_WARN_DIRECT_OBJC_ISA_USAGE = YES_ERROR;
				CLANG_WARN_EMPTY_BODY = YES;
				CLANG_WARN_ENUM_CONVERSION = YES;
				CLANG_WARN_INT_CONVERSION = YES;
				CLANG_WARN_OBJC_ROOT_CLASS = YES_ERROR;
				CLANG_WARN_UNREACHABLE_CODE = YES;
				CLANG_WARN__DUPLICATE_METHOD_MATCH = YES;
				"CODE_SIGN_IDENTITY[sdk=iphoneos*]" = "iPhone Developer";
				COPY_PHASE_STRIP = NO;
				DEBUG_INFORMATION_FORMAT = dwarf;
				ENABLE_STRICT_OBJC_MSGSEND = YES;
				ENABLE_TESTABILITY = YES;
				GCC_C_LANGUAGE_STANDARD = gnu99;
				GCC_DYNAMIC_NO_PIC = NO;
				GCC_NO_COMMON_BLOCKS = YES;
				GCC_OPTIMIZATION_LEVEL = 0;
				GCC_PREPROCESSOR_DEFINITIONS = (
					"DEBUG=1",
					"$(inherited)",
				);
				GCC_WARN_64_TO_32_BIT_CONVERSION = YES;
				GCC_WARN_ABOUT_RETURN_TYPE = YES_ERROR;
				GCC_WARN_UNDECLARED_SELECTOR = YES;
				GCC_WARN_UNINITIALIZED_AUTOS = YES_AGGRESSIVE;
				GCC_WARN_UNUSED_FUNCTION = YES;
				GCC_WARN_UNUSED_VARIABLE = YES;
				IPHONEOS_DEPLOYMENT_TARGET = 9.3;
				MTL_ENABLE_DEBUG_INFO = YES;
				ONLY_ACTIVE_ARCH = YES;
				SDKROOT = iphoneos;
				SWIFT_OPTIMIZATION_LEVEL = "-Onone";
			};
			name = Debug;
		};
		109F6C851D13C2170075C571 /* Release */ = {
			isa = XCBuildConfiguration;
			buildSettings = {
				ALWAYS_SEARCH_USER_PATHS = NO;
				CLANG_ANALYZER_NONNULL = YES;
				CLANG_CXX_LANGUAGE_STANDARD = "gnu++0x";
				CLANG_CXX_LIBRARY = "libc++";
				CLANG_ENABLE_MODULES = YES;
				CLANG_ENABLE_OBJC_ARC = YES;
				CLANG_WARN_BOOL_CONVERSION = YES;
				CLANG_WARN_CONSTANT_CONVERSION = YES;
				CLANG_WARN_DIRECT_OBJC_ISA_USAGE = YES_ERROR;
				CLANG_WARN_EMPTY_BODY = YES;
				CLANG_WARN_ENUM_CONVERSION = YES;
				CLANG_WARN_INT_CONVERSION = YES;
				CLANG_WARN_OBJC_ROOT_CLASS = YES_ERROR;
				CLANG_WARN_UNREACHABLE_CODE = YES;
				CLANG_WARN__DUPLICATE_METHOD_MATCH = YES;
				"CODE_SIGN_IDENTITY[sdk=iphoneos*]" = "iPhone Developer";
				COPY_PHASE_STRIP = NO;
				DEBUG_INFORMATION_FORMAT = "dwarf-with-dsym";
				ENABLE_NS_ASSERTIONS = NO;
				ENABLE_STRICT_OBJC_MSGSEND = YES;
				GCC_C_LANGUAGE_STANDARD = gnu99;
				GCC_NO_COMMON_BLOCKS = YES;
				GCC_WARN_64_TO_32_BIT_CONVERSION = YES;
				GCC_WARN_ABOUT_RETURN_TYPE = YES_ERROR;
				GCC_WARN_UNDECLARED_SELECTOR = YES;
				GCC_WARN_UNINITIALIZED_AUTOS = YES_AGGRESSIVE;
				GCC_WARN_UNUSED_FUNCTION = YES;
				GCC_WARN_UNUSED_VARIABLE = YES;
				IPHONEOS_DEPLOYMENT_TARGET = 9.3;
				MTL_ENABLE_DEBUG_INFO = NO;
				SDKROOT = iphoneos;
				VALIDATE_PRODUCT = YES;
			};
			name = Release;
		};
		109F6C871D13C2170075C571 /* Debug */ = {
			isa = XCBuildConfiguration;
			buildSettings = {
				ASSETCATALOG_COMPILER_APPICON_NAME = AppIcon;
				INFOPLIST_FILE = FNCharMapImageView/Info.plist;
				LD_RUNPATH_SEARCH_PATHS = "$(inherited) @executable_path/Frameworks";
				PRODUCT_BUNDLE_IDENTIFIER = Fnoz.FNImageToText;
				PRODUCT_NAME = FNCharMapImageView;
			};
			name = Debug;
		};
		109F6C881D13C2170075C571 /* Release */ = {
			isa = XCBuildConfiguration;
			buildSettings = {
				ASSETCATALOG_COMPILER_APPICON_NAME = AppIcon;
				INFOPLIST_FILE = FNCharMapImageView/Info.plist;
				LD_RUNPATH_SEARCH_PATHS = "$(inherited) @executable_path/Frameworks";
				PRODUCT_BUNDLE_IDENTIFIER = Fnoz.FNImageToText;
				PRODUCT_NAME = FNCharMapImageView;
			};
			name = Release;
		};
/* End XCBuildConfiguration section */

/* Begin XCConfigurationList section */
		109F6C6F1D13C2170075C571 /* Build configuration list for PBXProject "FNCharMapImageView" */ = {
			isa = XCConfigurationList;
			buildConfigurations = (
				109F6C841D13C2170075C571 /* Debug */,
				109F6C851D13C2170075C571 /* Release */,
			);
			defaultConfigurationIsVisible = 0;
			defaultConfigurationName = Release;
		};
		109F6C861D13C2170075C571 /* Build configuration list for PBXNativeTarget "FNCharMapImageView" */ = {
			isa = XCConfigurationList;
			buildConfigurations = (
				109F6C871D13C2170075C571 /* Debug */,
				109F6C881D13C2170075C571 /* Release */,
			);
			defaultConfigurationIsVisible = 0;
			defaultConfigurationName = Release;
		};
/* End XCConfigurationList section */
	};
	rootObject = 109F6C6C1D13C2170075C571 /* Project object */;
}
